
Microsoft Visual Studio Solution File, Format Version 11.00
# Visual Studio 2010
Project("{FAE04EC0-301F-11D3-BF4B-00C04F79EFBC}") = "Assembly-CSharp", "Assembly-CSharp.csproj", "{F1134547-DEC5-3013-2186-182FAA5A7026}"
EndProject
Project("{FAE04EC0-301F-11D3-BF4B-00C04F79EFBC}") = "Assembly-CSharp-Editor", "Assembly-CSharp-Editor.csproj", "{F60E4AD1-DE39-C783-D682-C84E530F33CC}"
EndProject
Global
	GlobalSection(SolutionConfigurationPlatforms) = preSolution
		Debug|Any CPU = Debug|Any CPU
		Release|Any CPU = Release|Any CPU
	EndGlobalSection
	GlobalSection(ProjectConfigurationPlatforms) = postSolution
		{F1134547-DEC5-3013-2186-182FAA5A7026}.Debug|Any CPU.ActiveCfg = Debug|Any CPU
		{F1134547-DEC5-3013-2186-182FAA5A7026}.Debug|Any CPU.Build.0 = Debug|Any CPU
		{F1134547-DEC5-3013-2186-182FAA5A7026}.Release|Any CPU.ActiveCfg = Release|Any CPU
		{F1134547-DEC5-3013-2186-182FAA5A7026}.Release|Any CPU.Build.0 = Release|Any CPU
		{F60E4AD1-DE39-C783-D682-C84E530F33CC}.Debug|Any CPU.ActiveCfg = Debug|Any CPU
		{F60E4AD1-DE39-C783-D682-C84E530F33CC}.Debug|Any CPU.Build.0 = Debug|Any CPU
		{F60E4AD1-DE39-C783-D682-C84E530F33CC}.Release|Any CPU.ActiveCfg = Release|Any CPU
		{F60E4AD1-DE39-C783-D682-C84E530F33CC}.Release|Any CPU.Build.0 = Release|Any CPU
	EndGlobalSection
	GlobalSection(SolutionProperties) = preSolution
		HideSolutionNode = FALSE
	EndGlobalSection
EndGlobal
